
Microsoft Visual Studio Solution File, Format Version 12.00
# Visual Studio Version 17
VisualStudioVersion = 17.5.33627.172
MinimumVisualStudioVersion = 10.0.40219.1
Project("{FAE04EC0-301F-11D3-BF4B-00C04F79EFBC}") = "IP Validator Implementation", "IP Validator Implementation\IP Validator Implementation.csproj", "{E2249099-CEC5-40FB-A2C8-6ABA7DE781D7}"
EndProject
Global
	GlobalSection(SolutionConfigurationPlatforms) = preSolution
		Debug|Any CPU = Debug|Any CPU
		Release|Any CPU = Release|Any CPU
	EndGlobalSection
	GlobalSection(ProjectConfigurationPlatforms) = postSolution
		{E2249099-CEC5-40FB-A2C8-6ABA7DE781D7}.Debug|Any CPU.ActiveCfg = Debug|Any CPU
		{E2249099-CEC5-40FB-A2C8-6ABA7DE781D7}.Debug|Any CPU.Build.0 = Debug|Any CPU
		{E2249099-CEC5-40FB-A2C8-6ABA7DE781D7}.Release|Any CPU.ActiveCfg = Release|Any CPU
		{E2249099-CEC5-40FB-A2C8-6ABA7DE781D7}.Release|Any CPU.Build.0 = Release|Any CPU
	EndGlobalSection
	GlobalSection(SolutionProperties) = preSolution
		HideSolutionNode = FALSE
	EndGlobalSection
	GlobalSection(ExtensibilityGlobals) = postSolution
		SolutionGuid = {592D9C4B-8F96-438B-9EBA-82E0114AF2A8}
	EndGlobalSection
EndGlobal
